
Microsoft Visual Studio Solution File, Format Version 11.00
# Visual Studio 2010
Project("{FAE04EC0-301F-11D3-BF4B-00C04F79EFBC}") = "Stealerv37", "Stealer.Client.csproj", "{8DAF99DA-0508-48B6-A422-58F2EEB2231D}"
EndProject
Global
	GlobalSection(SolutionConfigurationPlatforms) = preSolution
		Debug|Any CPU = Debug|Any CPU
		Release|Any CPU = Release|Any CPU
	EndGlobalSection
	GlobalSection(ProjectConfigurationPlatforms) = postSolution
		{8DAF99DA-0508-48B6-A422-58F2EEB2231D}.Debug|Any CPU.ActiveCfg = Debug|Any CPU
		{8DAF99DA-0508-48B6-A422-58F2EEB2231D}.Debug|Any CPU.Build.0 = Debug|Any CPU
		{8DAF99DA-0508-48B6-A422-58F2EEB2231D}.Release|Any CPU.ActiveCfg = Release|Any CPU
		{8DAF99DA-0508-48B6-A422-58F2EEB2231D}.Release|Any CPU.Build.0 = Release|Any CPU
	EndGlobalSection
	GlobalSection(SolutionProperties) = preSolution
		HideSolutionNode = FALSE
	EndGlobalSection
EndGlobal
